PODS:
  - BigInt (5.0.0)
  - CoreBitcoinSwift (0.0.1):
    - GRKOpenSSLFramework
  - CryptoSwift (1.3.1)
  - GRKOpenSSLFramework (1.0.2.20)
  - secp256k1.swift (0.1.4)
  - TokenCoreCapo (0.0.1):
    - BigInt
    - CoreBitcoinSwift
    - CryptoSwift
    - secp256k1.swift

DEPENDENCIES:
  - TokenCoreCapo (from `../`)

SPEC REPOS:
  https://github.com/CocoaPods/Specs.git:
    - BigInt
    - CoreBitcoinSwift
    - CryptoSwift
    - GRKOpenSSLFramework
    - secp256k1.swift

EXTERNAL SOURCES:
  TokenCoreCapo:
    :path: "../"

SPEC CHECKSUMS:
  BigInt: 74b4d88367b0e819d9f77393549226d36faeb0d8
  CoreBitcoinSwift: 9287cc359c2ce641e2e0605a8703e89a487c3a1f
  CryptoSwift: f12f037f6d0fcd6d48c96db0071b653de64e6c4d
  GRKOpenSSLFramework: dc635b0a9d4cd8af2a9ff80a61e779e21b69dfd8
  secp256k1.swift: a7e7a214f6db6ce5db32cc6b2b45e5c4dd633634
  TokenCoreCapo: 820004d0ae24e8e0390fbf99fca04e2598479bb3

PODFILE CHECKSUM: 573a1b15f272a7e84e789b4b02aa39e008597e59

COCOAPODS: 1.9.3
