PODS:
  - BigInt (5.1.1)
  - CoreBitcoin (1.0.0):
    - libscrypt
    - OpenSSL-Universal
  - CryptoSwift (1.3.2)
  - libscrypt (0.0.1)
  - OpenSSL-Universal (1.0.0):
    - OpenSSL-Universal/Framework (= 1.0.0)
  - OpenSSL-Universal/Framework (1.0.0)
  - secp256k1 (0.1.5)
  - TokenCoreCapo (1.0.1):
    - BigInt
    - CoreBitcoin
    - CryptoSwift
    - secp256k1

DEPENDENCIES:
  - TokenCoreCapo (from `../`)

SPEC REPOS:
  https://github.com/matteozero/Specs.git:
    - BigInt
    - CoreBitcoin
    - CryptoSwift
    - libscrypt
    - OpenSSL-Universal
    - secp256k1

EXTERNAL SOURCES:
  TokenCoreCapo:
    :path: "../"

SPEC CHECKSUMS:
  BigInt: 774f1ba5e5cba8390d1c5b52283228fa0af09b50
  CoreBitcoin: 930bed4a0a66838b73e3c943c1b79af00b65abf5
  CryptoSwift: 3bb07409096051668102303c93e3e9ec839ddebd
  libscrypt: c5cd136603ef1c527576127a01d8db7dc879be72
  OpenSSL-Universal: cb2324eeb714eac1e5a8ca6c3a3c039873956f72
  secp256k1: 05b63869a4b28d1b68222950cbceeb0b2dc5906e
  TokenCoreCapo: 1df56c34fddc5687905479002db519e326fe450a

PODFILE CHECKSUM: 9e1fb9701066c0b7979fb4cd4ff7f9f8f85e18d9

COCOAPODS: 1.9.3
